# Code generated by scarb DO NOT EDIT.
version = 1

[[package]]
name = "openzeppelin_utils"
version = "1.0.0"
source = "registry+https://scarbs.xyz/"
checksum = "sha256:fd348b31c4a4407add33adc3c2b8f26dca71dbd7431faaf726168f37a91db0c1"

[[package]]
name = "universal_deployer"
version = "0.1.0"
dependencies = [
 "openzeppelin_utils",
]
